
Microsoft Visual Studio Solution File, Format Version 12.00
# Visual Studio 15
VisualStudioVersion = 15.0.28010.2003
MinimumVisualStudioVersion = 10.0.40219.1
Project("{FAE04EC0-301F-11D3-BF4B-00C04F79EFBC}") = "ResetList", "ResetList\ResetList.csproj", "{ADED3BE2-EBEC-4DBF-83F1-84770820DD48}"
EndProject
Project("{FAE04EC0-301F-11D3-BF4B-00C04F79EFBC}") = "MathMultiplication", "MathMultiplication\MathMultiplication.csproj", "{C4B0472E-69D3-4842-8573-E40C599FAA88}"
EndProject
Global
	GlobalSection(SolutionConfigurationPlatforms) = preSolution
		Debug|Any CPU = Debug|Any CPU
		Release|Any CPU = Release|Any CPU
	EndGlobalSection
	GlobalSection(ProjectConfigurationPlatforms) = postSolution
		{ADED3BE2-EBEC-4DBF-83F1-84770820DD48}.Debug|Any CPU.ActiveCfg = Debug|Any CPU
		{ADED3BE2-EBEC-4DBF-83F1-84770820DD48}.Debug|Any CPU.Build.0 = Debug|Any CPU
		{ADED3BE2-EBEC-4DBF-83F1-84770820DD48}.Release|Any CPU.ActiveCfg = Release|Any CPU
		{ADED3BE2-EBEC-4DBF-83F1-84770820DD48}.Release|Any CPU.Build.0 = Release|Any CPU
		{C4B0472E-69D3-4842-8573-E40C599FAA88}.Debug|Any CPU.ActiveCfg = Debug|Any CPU
		{C4B0472E-69D3-4842-8573-E40C599FAA88}.Debug|Any CPU.Build.0 = Debug|Any CPU
		{C4B0472E-69D3-4842-8573-E40C599FAA88}.Release|Any CPU.ActiveCfg = Release|Any CPU
		{C4B0472E-69D3-4842-8573-E40C599FAA88}.Release|Any CPU.Build.0 = Release|Any CPU
	EndGlobalSection
	GlobalSection(SolutionProperties) = preSolution
		HideSolutionNode = FALSE
	EndGlobalSection
	GlobalSection(ExtensibilityGlobals) = postSolution
		SolutionGuid = {37036039-D1EF-44FF-9990-0A43203D27BD}
	EndGlobalSection
EndGlobal
